
Microsoft Visual Studio Solution File, Format Version 12.00
# Visual Studio Version 16
VisualStudioVersion = 16.0.31205.134
MinimumVisualStudioVersion = 10.0.40219.1
Project("{FAE04EC0-301F-11D3-BF4B-00C04F79EFBC}") = "SelectionStatements", "SelectionStatements\SelectionStatements.csproj", "{335314CD-DFCA-4163-BAE6-067A50406853}"
EndProject
Global
	GlobalSection(SolutionConfigurationPlatforms) = preSolution
		Debug|Any CPU = Debug|Any CPU
		Release|Any CPU = Release|Any CPU
	EndGlobalSection
	GlobalSection(ProjectConfigurationPlatforms) = postSolution
		{335314CD-DFCA-4163-BAE6-067A50406853}.Debug|Any CPU.ActiveCfg = Debug|Any CPU
		{335314CD-DFCA-4163-BAE6-067A50406853}.Debug|Any CPU.Build.0 = Debug|Any CPU
		{335314CD-DFCA-4163-BAE6-067A50406853}.Release|Any CPU.ActiveCfg = Release|Any CPU
		{335314CD-DFCA-4163-BAE6-067A50406853}.Release|Any CPU.Build.0 = Release|Any CPU
	EndGlobalSection
	GlobalSection(SolutionProperties) = preSolution
		HideSolutionNode = FALSE
	EndGlobalSection
	GlobalSection(ExtensibilityGlobals) = postSolution
		SolutionGuid = {D53C15CA-8C73-4F10-8FBF-2E94F87425A7}
	EndGlobalSection
EndGlobal
